
Microsoft Visual Studio Solution File, Format Version 12.00
# Visual Studio Version 17
VisualStudioVersion = 17.0.31903.59
MinimumVisualStudioVersion = 10.0.40219.1
Project("{2150E333-8FDC-42A3-9474-1A3956D46DE8}") = "src", "src", "{827E0CD3-B72D-47B6-A68D-7590B98EB39B}"
EndProject
Project("{2150E333-8FDC-42A3-9474-1A3956D46DE8}") = "Gateway", "Gateway", "{6306A8FB-679E-111F-6585-8F70E0EE6013}"
EndProject
Project("{FAE04EC0-301F-11D3-BF4B-00C04F79EFBC}") = "Mcp.Gateway.App", "src\Gateway\Mcp.Gateway.App\Mcp.Gateway.App.csproj", "{273FCECC-F88E-492D-AA41-FA72313B0BE4}"
EndProject
Project("{FAE04EC0-301F-11D3-BF4B-00C04F79EFBC}") = "Mcp.Gateway.Core", "src\Gateway\Mcp.Gateway.Core\Mcp.Gateway.Core.csproj", "{6B9E3038-ECA0-4F3D-A7EA-BACEEF4972FF}"
EndProject
Project("{2150E333-8FDC-42A3-9474-1A3956D46DE8}") = "Gui", "Gui", "{F5C9290B-5890-4B16-8CFE-BD18739EC139}"
EndProject
Project("{FAE04EC0-301F-11D3-BF4B-00C04F79EFBC}") = "Mcp.Platform.Gui", "src\Gui\Mcp.Platform.Gui\Mcp.Platform.Gui.csproj", "{1DE94CBE-67DE-48A9-BDD5-D13CFC99B309}"
EndProject
Project("{2150E333-8FDC-42A3-9474-1A3956D46DE8}") = "Workers", "Workers", "{FE5F7021-A3C9-35C7-FF50-8DA81625868E}"
EndProject
Project("{2150E333-8FDC-42A3-9474-1A3956D46DE8}") = "Common", "Common", "{CE85793E-AC1A-ECD2-0ABB-15EF2C9376B9}"
EndProject
Project("{FAE04EC0-301F-11D3-BF4B-00C04F79EFBC}") = "Mcp.Workers.Protocol", "src\Workers\Common\Mcp.Workers.Protocol\Mcp.Workers.Protocol.csproj", "{A7307D93-536D-4947-BE32-44897AB6166A}"
EndProject
Project("{2150E333-8FDC-42A3-9474-1A3956D46DE8}") = "Fake", "Fake", "{7BFAEA16-800F-2DB8-C3E9-76AFA52F52BC}"
EndProject
Project("{FAE04EC0-301F-11D3-BF4B-00C04F79EFBC}") = "Mcp.Worker.Fake.App", "src\Workers\Fake\Mcp.Worker.Fake.App\Mcp.Worker.Fake.App.csproj", "{1310856D-FC96-46A1-8312-E860638ACFE4}"
EndProject
Project("{2150E333-8FDC-42A3-9474-1A3956D46DE8}") = "Frida", "Frida", "{A7EF832E-1F26-4948-B40D-7D82C0D48733}"
EndProject
Project("{FAE04EC0-301F-11D3-BF4B-00C04F79EFBC}") = "Mcp.Worker.Frida.App", "src\Workers\Frida\Mcp.Worker.Frida.App\Mcp.Worker.Frida.App.csproj", "{10085378-480C-4E03-8C4D-88DAC4F2E4B3}"
EndProject
Project("{2150E333-8FDC-42A3-9474-1A3956D46DE8}") = "tests", "tests", "{0AB3BF05-4346-4AA6-1389-037BE0695223}"
EndProject
Project("{2150E333-8FDC-42A3-9474-1A3956D46DE8}") = "Integration", "Integration", "{28A6993C-471E-82FE-7D9E-AD3B1EC22BD9}"
EndProject
Project("{FAE04EC0-301F-11D3-BF4B-00C04F79EFBC}") = "Mcp.Platform.IntegrationTests", "tests\Integration\Mcp.Platform.IntegrationTests\Mcp.Platform.IntegrationTests.csproj", "{C0F658A5-9234-48A2-B4F4-F653CAD90A6D}"
EndProject
Global
	GlobalSection(SolutionConfigurationPlatforms) = preSolution
		Debug|Any CPU = Debug|Any CPU
		Debug|x64 = Debug|x64
		Debug|x86 = Debug|x86
		Release|Any CPU = Release|Any CPU
		Release|x64 = Release|x64
		Release|x86 = Release|x86
	EndGlobalSection
	GlobalSection(ProjectConfigurationPlatforms) = postSolution
		{273FCECC-F88E-492D-AA41-FA72313B0BE4}.Debug|Any CPU.ActiveCfg = Debug|Any CPU
		{273FCECC-F88E-492D-AA41-FA72313B0BE4}.Debug|Any CPU.Build.0 = Debug|Any CPU
		{273FCECC-F88E-492D-AA41-FA72313B0BE4}.Debug|x64.ActiveCfg = Debug|Any CPU
		{273FCECC-F88E-492D-AA41-FA72313B0BE4}.Debug|x64.Build.0 = Debug|Any CPU
		{273FCECC-F88E-492D-AA41-FA72313B0BE4}.Debug|x86.ActiveCfg = Debug|Any CPU
		{273FCECC-F88E-492D-AA41-FA72313B0BE4}.Debug|x86.Build.0 = Debug|Any CPU
		{273FCECC-F88E-492D-AA41-FA72313B0BE4}.Release|Any CPU.ActiveCfg = Release|Any CPU
		{273FCECC-F88E-492D-AA41-FA72313B0BE4}.Release|Any CPU.Build.0 = Release|Any CPU
		{273FCECC-F88E-492D-AA41-FA72313B0BE4}.Release|x64.ActiveCfg = Release|Any CPU
		{273FCECC-F88E-492D-AA41-FA72313B0BE4}.Release|x64.Build.0 = Release|Any CPU
		{273FCECC-F88E-492D-AA41-FA72313B0BE4}.Release|x86.ActiveCfg = Release|Any CPU
		{273FCECC-F88E-492D-AA41-FA72313B0BE4}.Release|x86.Build.0 = Release|Any CPU
		{6B9E3038-ECA0-4F3D-A7EA-BACEEF4972FF}.Debug|Any CPU.ActiveCfg = Debug|Any CPU
		{6B9E3038-ECA0-4F3D-A7EA-BACEEF4972FF}.Debug|Any CPU.Build.0 = Debug|Any CPU
		{6B9E3038-ECA0-4F3D-A7EA-BACEEF4972FF}.Debug|x64.ActiveCfg = Debug|Any CPU
		{6B9E3038-ECA0-4F3D-A7EA-BACEEF4972FF}.Debug|x64.Build.0 = Debug|Any CPU
		{6B9E3038-ECA0-4F3D-A7EA-BACEEF4972FF}.Debug|x86.ActiveCfg = Debug|Any CPU
		{6B9E3038-ECA0-4F3D-A7EA-BACEEF4972FF}.Debug|x86.Build.0 = Debug|Any CPU
		{6B9E3038-ECA0-4F3D-A7EA-BACEEF4972FF}.Release|Any CPU.ActiveCfg = Release|Any CPU
		{6B9E3038-ECA0-4F3D-A7EA-BACEEF4972FF}.Release|Any CPU.Build.0 = Release|Any CPU
		{6B9E3038-ECA0-4F3D-A7EA-BACEEF4972FF}.Release|x64.ActiveCfg = Release|Any CPU
		{6B9E3038-ECA0-4F3D-A7EA-BACEEF4972FF}.Release|x64.Build.0 = Release|Any CPU
		{6B9E3038-ECA0-4F3D-A7EA-BACEEF4972FF}.Release|x86.ActiveCfg = Release|Any CPU
		{6B9E3038-ECA0-4F3D-A7EA-BACEEF4972FF}.Release|x86.Build.0 = Release|Any CPU
		{A7307D93-536D-4947-BE32-44897AB6166A}.Debug|Any CPU.ActiveCfg = Debug|Any CPU
		{A7307D93-536D-4947-BE32-44897AB6166A}.Debug|Any CPU.Build.0 = Debug|Any CPU
		{A7307D93-536D-4947-BE32-44897AB6166A}.Debug|x64.ActiveCfg = Debug|Any CPU
		{A7307D93-536D-4947-BE32-44897AB6166A}.Debug|x64.Build.0 = Debug|Any CPU
		{A7307D93-536D-4947-BE32-44897AB6166A}.Debug|x86.ActiveCfg = Debug|Any CPU
		{A7307D93-536D-4947-BE32-44897AB6166A}.Debug|x86.Build.0 = Debug|Any CPU
		{A7307D93-536D-4947-BE32-44897AB6166A}.Release|Any CPU.ActiveCfg = Release|Any CPU
		{A7307D93-536D-4947-BE32-44897AB6166A}.Release|Any CPU.Build.0 = Release|Any CPU
		{A7307D93-536D-4947-BE32-44897AB6166A}.Release|x64.ActiveCfg = Release|Any CPU
		{A7307D93-536D-4947-BE32-44897AB6166A}.Release|x64.Build.0 = Release|Any CPU
		{A7307D93-536D-4947-BE32-44897AB6166A}.Release|x86.ActiveCfg = Release|Any CPU
		{A7307D93-536D-4947-BE32-44897AB6166A}.Release|x86.Build.0 = Release|Any CPU
		{1310856D-FC96-46A1-8312-E860638ACFE4}.Debug|Any CPU.ActiveCfg = Debug|Any CPU
		{1310856D-FC96-46A1-8312-E860638ACFE4}.Debug|Any CPU.Build.0 = Debug|Any CPU
		{1310856D-FC96-46A1-8312-E860638ACFE4}.Debug|x64.ActiveCfg = Debug|Any CPU
		{1310856D-FC96-46A1-8312-E860638ACFE4}.Debug|x64.Build.0 = Debug|Any CPU
		{1310856D-FC96-46A1-8312-E860638ACFE4}.Debug|x86.ActiveCfg = Debug|Any CPU
		{1310856D-FC96-46A1-8312-E860638ACFE4}.Debug|x86.Build.0 = Debug|Any CPU
		{1310856D-FC96-46A1-8312-E860638ACFE4}.Release|Any CPU.ActiveCfg = Release|Any CPU
		{1310856D-FC96-46A1-8312-E860638ACFE4}.Release|Any CPU.Build.0 = Release|Any CPU
		{1310856D-FC96-46A1-8312-E860638ACFE4}.Release|x64.ActiveCfg = Release|Any CPU
		{1310856D-FC96-46A1-8312-E860638ACFE4}.Release|x64.Build.0 = Release|Any CPU
		{1310856D-FC96-46A1-8312-E860638ACFE4}.Release|x86.ActiveCfg = Release|Any CPU
		{1310856D-FC96-46A1-8312-E860638ACFE4}.Release|x86.Build.0 = Release|Any CPU
		{10085378-480C-4E03-8C4D-88DAC4F2E4B3}.Debug|Any CPU.ActiveCfg = Debug|Any CPU
		{10085378-480C-4E03-8C4D-88DAC4F2E4B3}.Debug|Any CPU.Build.0 = Debug|Any CPU
		{10085378-480C-4E03-8C4D-88DAC4F2E4B3}.Debug|x64.ActiveCfg = Debug|Any CPU
		{10085378-480C-4E03-8C4D-88DAC4F2E4B3}.Debug|x64.Build.0 = Debug|Any CPU
		{10085378-480C-4E03-8C4D-88DAC4F2E4B3}.Debug|x86.ActiveCfg = Debug|Any CPU
		{10085378-480C-4E03-8C4D-88DAC4F2E4B3}.Debug|x86.Build.0 = Debug|Any CPU
		{10085378-480C-4E03-8C4D-88DAC4F2E4B3}.Release|Any CPU.ActiveCfg = Release|Any CPU
		{10085378-480C-4E03-8C4D-88DAC4F2E4B3}.Release|Any CPU.Build.0 = Release|Any CPU
		{10085378-480C-4E03-8C4D-88DAC4F2E4B3}.Release|x64.ActiveCfg = Release|Any CPU
		{10085378-480C-4E03-8C4D-88DAC4F2E4B3}.Release|x64.Build.0 = Release|Any CPU
		{10085378-480C-4E03-8C4D-88DAC4F2E4B3}.Release|x86.ActiveCfg = Release|Any CPU
		{10085378-480C-4E03-8C4D-88DAC4F2E4B3}.Release|x86.Build.0 = Release|Any CPU
		{1DE94CBE-67DE-48A9-BDD5-D13CFC99B309}.Debug|Any CPU.ActiveCfg = Debug|Any CPU
		{1DE94CBE-67DE-48A9-BDD5-D13CFC99B309}.Debug|Any CPU.Build.0 = Debug|Any CPU
		{1DE94CBE-67DE-48A9-BDD5-D13CFC99B309}.Debug|x64.ActiveCfg = Debug|Any CPU
		{1DE94CBE-67DE-48A9-BDD5-D13CFC99B309}.Debug|x64.Build.0 = Debug|Any CPU
		{1DE94CBE-67DE-48A9-BDD5-D13CFC99B309}.Debug|x86.ActiveCfg = Debug|Any CPU
		{1DE94CBE-67DE-48A9-BDD5-D13CFC99B309}.Debug|x86.Build.0 = Debug|Any CPU
		{1DE94CBE-67DE-48A9-BDD5-D13CFC99B309}.Release|Any CPU.ActiveCfg = Release|Any CPU
		{1DE94CBE-67DE-48A9-BDD5-D13CFC99B309}.Release|Any CPU.Build.0 = Release|Any CPU
		{1DE94CBE-67DE-48A9-BDD5-D13CFC99B309}.Release|x64.ActiveCfg = Release|Any CPU
		{1DE94CBE-67DE-48A9-BDD5-D13CFC99B309}.Release|x64.Build.0 = Release|Any CPU
		{1DE94CBE-67DE-48A9-BDD5-D13CFC99B309}.Release|x86.ActiveCfg = Release|Any CPU
		{1DE94CBE-67DE-48A9-BDD5-D13CFC99B309}.Release|x86.Build.0 = Release|Any CPU
		{C0F658A5-9234-48A2-B4F4-F653CAD90A6D}.Debug|Any CPU.ActiveCfg = Debug|Any CPU
		{C0F658A5-9234-48A2-B4F4-F653CAD90A6D}.Debug|Any CPU.Build.0 = Debug|Any CPU
		{C0F658A5-9234-48A2-B4F4-F653CAD90A6D}.Debug|x64.ActiveCfg = Debug|Any CPU
		{C0F658A5-9234-48A2-B4F4-F653CAD90A6D}.Debug|x64.Build.0 = Debug|Any CPU
		{C0F658A5-9234-48A2-B4F4-F653CAD90A6D}.Debug|x86.ActiveCfg = Debug|Any CPU
		{C0F658A5-9234-48A2-B4F4-F653CAD90A6D}.Debug|x86.Build.0 = Debug|Any CPU
		{C0F658A5-9234-48A2-B4F4-F653CAD90A6D}.Release|Any CPU.ActiveCfg = Release|Any CPU
		{C0F658A5-9234-48A2-B4F4-F653CAD90A6D}.Release|Any CPU.Build.0 = Release|Any CPU
		{C0F658A5-9234-48A2-B4F4-F653CAD90A6D}.Release|x64.ActiveCfg = Release|Any CPU
		{C0F658A5-9234-48A2-B4F4-F653CAD90A6D}.Release|x64.Build.0 = Release|Any CPU
		{C0F658A5-9234-48A2-B4F4-F653CAD90A6D}.Release|x86.ActiveCfg = Release|Any CPU
		{C0F658A5-9234-48A2-B4F4-F653CAD90A6D}.Release|x86.Build.0 = Release|Any CPU
	EndGlobalSection
	GlobalSection(SolutionProperties) = preSolution
		HideSolutionNode = FALSE
	EndGlobalSection
	GlobalSection(NestedProjects) = preSolution
		{6306A8FB-679E-111F-6585-8F70E0EE6013} = {827E0CD3-B72D-47B6-A68D-7590B98EB39B}
		{273FCECC-F88E-492D-AA41-FA72313B0BE4} = {6306A8FB-679E-111F-6585-8F70E0EE6013}
		{6B9E3038-ECA0-4F3D-A7EA-BACEEF4972FF} = {6306A8FB-679E-111F-6585-8F70E0EE6013}
		{FE5F7021-A3C9-35C7-FF50-8DA81625868E} = {827E0CD3-B72D-47B6-A68D-7590B98EB39B}
		{CE85793E-AC1A-ECD2-0ABB-15EF2C9376B9} = {FE5F7021-A3C9-35C7-FF50-8DA81625868E}
		{A7307D93-536D-4947-BE32-44897AB6166A} = {CE85793E-AC1A-ECD2-0ABB-15EF2C9376B9}
		{7BFAEA16-800F-2DB8-C3E9-76AFA52F52BC} = {FE5F7021-A3C9-35C7-FF50-8DA81625868E}
		{1310856D-FC96-46A1-8312-E860638ACFE4} = {7BFAEA16-800F-2DB8-C3E9-76AFA52F52BC}
		{A7EF832E-1F26-4948-B40D-7D82C0D48733} = {FE5F7021-A3C9-35C7-FF50-8DA81625868E}
		{10085378-480C-4E03-8C4D-88DAC4F2E4B3} = {A7EF832E-1F26-4948-B40D-7D82C0D48733}
		{F5C9290B-5890-4B16-8CFE-BD18739EC139} = {827E0CD3-B72D-47B6-A68D-7590B98EB39B}
		{1DE94CBE-67DE-48A9-BDD5-D13CFC99B309} = {F5C9290B-5890-4B16-8CFE-BD18739EC139}
		{28A6993C-471E-82FE-7D9E-AD3B1EC22BD9} = {0AB3BF05-4346-4AA6-1389-037BE0695223}
		{C0F658A5-9234-48A2-B4F4-F653CAD90A6D} = {28A6993C-471E-82FE-7D9E-AD3B1EC22BD9}
	EndGlobalSection
EndGlobal
